
Microsoft Visual Studio Solution File, Format Version 12.00
Project("{FAE04EC0-301F-11D3-BF4B-00C04F79EFBC}") = "SuperBasketball", "SuperBasketball\SuperBasketball.csproj", "{DAFF8302-714A-420B-8AF3-BDC03647C484}"
EndProject
Global
	GlobalSection(SolutionConfigurationPlatforms) = preSolution
		Debug|Any CPU = Debug|Any CPU
		Release|Any CPU = Release|Any CPU
	EndGlobalSection
	GlobalSection(ProjectConfigurationPlatforms) = postSolution
		{DAFF8302-714A-420B-8AF3-BDC03647C484}.Debug|Any CPU.ActiveCfg = Debug|Any CPU
		{DAFF8302-714A-420B-8AF3-BDC03647C484}.Debug|Any CPU.Build.0 = Debug|Any CPU
		{DAFF8302-714A-420B-8AF3-BDC03647C484}.Release|Any CPU.ActiveCfg = Release|Any CPU
		{DAFF8302-714A-420B-8AF3-BDC03647C484}.Release|Any CPU.Build.0 = Release|Any CPU
	EndGlobalSection
EndGlobal
